
Microsoft Visual Studio Solution File, Format Version 12.00
# Visual Studio Version 16
VisualStudioVersion = 16.0.30803.129
MinimumVisualStudioVersion = 10.0.40219.1
Project("{FAE04EC0-301F-11D3-BF4B-00C04F79EFBC}") = "Sprout", "Sprout\Sprout.csproj", "{A0F6B468-BF37-4A1D-8B62-5495654A16D5}"
EndProject
Project("{2150E333-8FDC-42A3-9474-1A3956D46DE8}") = "Solution Items", "Solution Items", "{29E37D15-75A9-45C9-80BB-50E357C4126C}"
	ProjectSection(SolutionItems) = preProject
		.editorconfig = .editorconfig
	EndProjectSection
EndProject
Project("{FAE04EC0-301F-11D3-BF4B-00C04F79EFBC}") = "UnitTests", "UnitTests\UnitTests.csproj", "{E87DE9CA-14C4-460F-95E9-CEB74C222952}"
EndProject
Global
	GlobalSection(SolutionConfigurationPlatforms) = preSolution
		Debug|Any CPU = Debug|Any CPU
		Release|Any CPU = Release|Any CPU
	EndGlobalSection
	GlobalSection(ProjectConfigurationPlatforms) = postSolution
		{A0F6B468-BF37-4A1D-8B62-5495654A16D5}.Debug|Any CPU.ActiveCfg = Debug|Any CPU
		{A0F6B468-BF37-4A1D-8B62-5495654A16D5}.Debug|Any CPU.Build.0 = Debug|Any CPU
		{A0F6B468-BF37-4A1D-8B62-5495654A16D5}.Release|Any CPU.ActiveCfg = Release|Any CPU
		{A0F6B468-BF37-4A1D-8B62-5495654A16D5}.Release|Any CPU.Build.0 = Release|Any CPU
		{E87DE9CA-14C4-460F-95E9-CEB74C222952}.Debug|Any CPU.ActiveCfg = Debug|Any CPU
		{E87DE9CA-14C4-460F-95E9-CEB74C222952}.Debug|Any CPU.Build.0 = Debug|Any CPU
		{E87DE9CA-14C4-460F-95E9-CEB74C222952}.Release|Any CPU.ActiveCfg = Release|Any CPU
		{E87DE9CA-14C4-460F-95E9-CEB74C222952}.Release|Any CPU.Build.0 = Release|Any CPU
	EndGlobalSection
	GlobalSection(SolutionProperties) = preSolution
		HideSolutionNode = FALSE
	EndGlobalSection
	GlobalSection(ExtensibilityGlobals) = postSolution
		SolutionGuid = {940E8FBB-3D52-491C-93A5-213563F334CA}
	EndGlobalSection
EndGlobal
